
Microsoft Visual Studio Solution File, Format Version 12.00
# Visual Studio Version 17
VisualStudioVersion = 17.2.32616.157
MinimumVisualStudioVersion = 10.0.40219.1
Project("{FAE04EC0-301F-11D3-BF4B-00C04F79EFBC}") = "MurexBreakfast.Api", "MurexBreakfast.Api\MurexBreakfast.Api.csproj", "{9D899CC2-EE06-4FCD-9162-7EA478E46D74}"
EndProject
Project("{FAE04EC0-301F-11D3-BF4B-00C04F79EFBC}") = "MurexBreakfast.Contracts", "MurexBreakfast.Contracts\MurexBreakfast.Contracts.csproj", "{38504807-F689-4ADB-8378-CEA2088B4D84}"
EndProject
Global
	GlobalSection(SolutionConfigurationPlatforms) = preSolution
		Debug|Any CPU = Debug|Any CPU
		Release|Any CPU = Release|Any CPU
	EndGlobalSection
	GlobalSection(ProjectConfigurationPlatforms) = postSolution
		{9D899CC2-EE06-4FCD-9162-7EA478E46D74}.Debug|Any CPU.ActiveCfg = Debug|Any CPU
		{9D899CC2-EE06-4FCD-9162-7EA478E46D74}.Debug|Any CPU.Build.0 = Debug|Any CPU
		{9D899CC2-EE06-4FCD-9162-7EA478E46D74}.Release|Any CPU.ActiveCfg = Release|Any CPU
		{9D899CC2-EE06-4FCD-9162-7EA478E46D74}.Release|Any CPU.Build.0 = Release|Any CPU
		{38504807-F689-4ADB-8378-CEA2088B4D84}.Debug|Any CPU.ActiveCfg = Debug|Any CPU
		{38504807-F689-4ADB-8378-CEA2088B4D84}.Debug|Any CPU.Build.0 = Debug|Any CPU
		{38504807-F689-4ADB-8378-CEA2088B4D84}.Release|Any CPU.ActiveCfg = Release|Any CPU
		{38504807-F689-4ADB-8378-CEA2088B4D84}.Release|Any CPU.Build.0 = Release|Any CPU
	EndGlobalSection
	GlobalSection(SolutionProperties) = preSolution
		HideSolutionNode = FALSE
	EndGlobalSection
	GlobalSection(ExtensibilityGlobals) = postSolution
		SolutionGuid = {C4A44E55-AA74-40D8-A103-60FBD43DC258}
	EndGlobalSection
EndGlobal
